{
  "requires": true,
  "lockfileVersion": 1,
  "dependencies": {
    "chart.js": {
      "version": "3.6.0",
      "resolved": "https://registry.npmjs.org/chart.js/-/chart.js-3.6.0.tgz",
      "integrity": "sha512-iOzzDKePL+bj+ccIsVAgWQehCXv8xOKGbaU2fO/myivH736zcx535PGJzQGanvcSGVOqX6yuLZsN3ygcQ35UgQ=="
    }
  }
}
